// !$*UTF8*$!
{
	archiveVersion = 1;
	classes = {
	};
	objectVersion = 77;
	objects = {

/* Begin PBXBuildFile section */
		0CA08053305AA6250067C2A3 /* AppDelegate.swift in Sources */ = {isa = PBXBuildFile; fileRef = 0CA08052305AA6250067C2A3 /* AppDelegate.swift */; };
		0CA08055305AA6250067C2A3 /* SceneDelegate.swift in Sources */ = {isa = PBXBuildFile; fileRef = 0CA08054305AA6250067C2A3 /* SceneDelegate.swift */; };
		0CA08058305AA6250067C2A3 /* LaunchScreen.storyboard in Resources */ = {isa = PBXBuildFile; fileRef = 0CA08056305AA6250067C2A3 /* LaunchScreen.storyboard */; };
		0CA0805B305AA6250067C2A3 /* Main.storyboard in Resources */ = {isa = PBXBuildFile; fileRef = 0CA08059305AA6250067C2A3 /* Main.storyboard */; };
		0CA08064305AA6250067C2A3 /* AppDelegate.swift in Sources */ = {isa = PBXBuildFile; fileRef = 0CA08063305AA6250067C2A3 /* AppDelegate.swift */; };
		0CA08067305AA6250067C2A3 /* Main.storyboard in Resources */ = {isa = PBXBuildFile; fileRef = 0CA08065305AA6250067C2A3 /* Main.storyboard */; };
		0CA0806E305AA6250067C2A3 /* Cross-Origin Storage Extension.appex in Embed Foundation Extensions */ = {isa = PBXBuildFile; fileRef = 0CA0806D305AA6250067C2A3 /* Cross-Origin Storage Extension.appex */; settings = {ATTRIBUTES = (RemoveHeadersOnCopy, ); }; };
		0CA08078305AA6250067C2A3 /* Cross-Origin Storage Extension.appex in Embed Foundation Extensions */ = {isa = PBXBuildFile; fileRef = 0CA08077305AA6250067C2A3 /* Cross-Origin Storage Extension.appex */; settings = {ATTRIBUTES = (RemoveHeadersOnCopy, ); }; };
		0CA0807D305AA6250067C2A3 /* Main.html in Resources */ = {isa = PBXBuildFile; fileRef = 0CA08042305AA6240067C2A3 /* Main.html */; };
		0CA0807E305AA6250067C2A3 /* Main.html in Resources */ = {isa = PBXBuildFile; fileRef = 0CA08042305AA6240067C2A3 /* Main.html */; };
		0CA0807F305AA6250067C2A3 /* Icon.png in Resources */ = {isa = PBXBuildFile; fileRef = 0CA08044305AA6240067C2A3 /* Icon.png */; };
		0CA08080305AA6250067C2A3 /* Icon.png in Resources */ = {isa = PBXBuildFile; fileRef = 0CA08044305AA6240067C2A3 /* Icon.png */; };
		0CA08081305AA6250067C2A3 /* Style.css in Resources */ = {isa = PBXBuildFile; fileRef = 0CA08045305AA6240067C2A3 /* Style.css */; };
		0CA08082305AA6250067C2A3 /* Style.css in Resources */ = {isa = PBXBuildFile; fileRef = 0CA08045305AA6240067C2A3 /* Style.css */; };
		0CA08083305AA6250067C2A3 /* Script.js in Resources */ = {isa = PBXBuildFile; fileRef = 0CA08046305AA6240067C2A3 /* Script.js */; };
		0CA08084305AA6250067C2A3 /* Script.js in Resources */ = {isa = PBXBuildFile; fileRef = 0CA08046305AA6240067C2A3 /* Script.js */; };
		0CA08085305AA6250067C2A3 /* ViewController.swift in Sources */ = {isa = PBXBuildFile; fileRef = 0CA08047305AA6240067C2A3 /* ViewController.swift */; };
		0CA08086305AA6250067C2A3 /* ViewController.swift in Sources */ = {isa = PBXBuildFile; fileRef = 0CA08047305AA6240067C2A3 /* ViewController.swift */; };
		0CA08087305AA6250067C2A3 /* Assets.xcassets in Resources */ = {isa = PBXBuildFile; fileRef = 0CA08048305AA6250067C2A3 /* Assets.xcassets */; };
		0CA08088305AA6250067C2A3 /* Assets.xcassets in Resources */ = {isa = PBXBuildFile; fileRef = 0CA08048305AA6250067C2A3 /* Assets.xcassets */; };
		0CA08089305AA6250067C2A3 /* SafariWebExtensionHandler.swift in Sources */ = {isa = PBXBuildFile; fileRef = 0CA0804A305AA6250067C2A3 /* SafariWebExtensionHandler.swift */; };
		0CA0808A305AA6250067C2A3 /* SafariWebExtensionHandler.swift in Sources */ = {isa = PBXBuildFile; fileRef = 0CA0804A305AA6250067C2A3 /* SafariWebExtensionHandler.swift */; };
		0CA080B5305AA6250067C2A3 /* sha256.js in Resources */ = {isa = PBXBuildFile; fileRef = 0CA0809C305AA6250067C2A3 /* sha256.js */; };
		0CA080B6305AA6250067C2A3 /* popup.js in Resources */ = {isa = PBXBuildFile; fileRef = 0CA0809D305AA6250067C2A3 /* popup.js */; };
		0CA080B7305AA6250067C2A3 /* relay-extension.js in Resources */ = {isa = PBXBuildFile; fileRef = 0CA0809E305AA6250067C2A3 /* relay-extension.js */; };
		0CA080B8305AA6250067C2A3 /* resource-manager.js in Resources */ = {isa = PBXBuildFile; fileRef = 0CA0809F305AA6250067C2A3 /* resource-manager.js */; };
		0CA080B9305AA6250067C2A3 /* styles.css in Resources */ = {isa = PBXBuildFile; fileRef = 0CA080A0305AA6250067C2A3 /* styles.css */; };
		0CA080BA305AA6250067C2A3 /* background.js in Resources */ = {isa = PBXBuildFile; fileRef = 0CA080A1305AA6250067C2A3 /* background.js */; };
		0CA080BB305AA6250067C2A3 /* logo-cos.png in Resources */ = {isa = PBXBuildFile; fileRef = 0CA080A2305AA6250067C2A3 /* logo-cos.png */; };
		0CA080BC305AA6250067C2A3 /* input-switch-polyfill.js in Resources */ = {isa = PBXBuildFile; fileRef = 0CA080A3305AA6250067C2A3 /* input-switch-polyfill.js */; };
		0CA080BD305AA6250067C2A3 /* logo-cos.svg in Resources */ = {isa = PBXBuildFile; fileRef = 0CA080A4305AA6250067C2A3 /* logo-cos.svg */; };
		0CA080BE305AA6250067C2A3 /* popup.html in Resources */ = {isa = PBXBuildFile; fileRef = 0CA080A5305AA6250067C2A3 /* popup.html */; };
		0CA080BF305AA6250067C2A3 /* options.js in Resources */ = {isa = PBXBuildFile; fileRef = 0CA080A6305AA6250067C2A3 /* options.js */; };
		0CA080C0305AA6250067C2A3 /* relay-extension.html in Resources */ = {isa = PBXBuildFile; fileRef = 0CA080A7305AA6250067C2A3 /* relay-extension.html */; };
		0CA080C1305AA6250067C2A3 /* viewer.js in Resources */ = {isa = PBXBuildFile; fileRef = 0CA080A8305AA6250067C2A3 /* viewer.js */; };
		0CA080C2305AA6250067C2A3 /* phl-details.js in Resources */ = {isa = PBXBuildFile; fileRef = 0CA080A9305AA6250067C2A3 /* phl-details.js */; };
		0CA080C3305AA6250067C2A3 /* viewer.html in Resources */ = {isa = PBXBuildFile; fileRef = 0CA080AA305AA6250067C2A3 /* viewer.html */; };
		0CA080C4305AA6250067C2A3 /* phl-details.html in Resources */ = {isa = PBXBuildFile; fileRef = 0CA080AB305AA6250067C2A3 /* phl-details.html */; };
		0CA080C5305AA6250067C2A3 /* manifest.json in Resources */ = {isa = PBXBuildFile; fileRef = 0CA080AC305AA6250067C2A3 /* manifest.json */; };
		0CA080C6305AA6250067C2A3 /* same-site.js in Resources */ = {isa = PBXBuildFile; fileRef = 0CA080AD305AA6250067C2A3 /* same-site.js */; };
		0CA080C7305AA6250067C2A3 /* options.html in Resources */ = {isa = PBXBuildFile; fileRef = 0CA080AE305AA6250067C2A3 /* options.html */; };
		0CA080C8305AA6250067C2A3 /* input-switch-polyfill.css in Resources */ = {isa = PBXBuildFile; fileRef = 0CA080AF305AA6250067C2A3 /* input-switch-polyfill.css */; };
		0CA080C9305AA6250067C2A3 /* background.html in Resources */ = {isa = PBXBuildFile; fileRef = 0CA080B0305AA6250067C2A3 /* background.html */; };
		0CA080CA305AA6250067C2A3 /* content.js in Resources */ = {isa = PBXBuildFile; fileRef = 0CA080B1305AA6250067C2A3 /* content.js */; };
		0CA080CB305AA6250067C2A3 /* public-suffix-list.js in Resources */ = {isa = PBXBuildFile; fileRef = 0CA080B2305AA6250067C2A3 /* public-suffix-list.js */; };
		0CA080CC305AA6250067C2A3 /* main-world.js in Resources */ = {isa = PBXBuildFile; fileRef = 0CA080B3305AA6250067C2A3 /* main-world.js */; };
		0CA080CD305AA6250067C2A3 /* public-hash-list.js in Resources */ = {isa = PBXBuildFile; fileRef = 0CA080B4305AA6250067C2A3 /* public-hash-list.js */; };
		0CA080CE305AA6250067C2A3 /* sha256.js in Resources */ = {isa = PBXBuildFile; fileRef = 0CA0809C305AA6250067C2A3 /* sha256.js */; };
		0CA080CF305AA6250067C2A3 /* popup.js in Resources */ = {isa = PBXBuildFile; fileRef = 0CA0809D305AA6250067C2A3 /* popup.js */; };
		0CA080D0305AA6250067C2A3 /* relay-extension.js in Resources */ = {isa = PBXBuildFile; fileRef = 0CA0809E305AA6250067C2A3 /* relay-extension.js */; };
		0CA080D1305AA6250067C2A3 /* resource-manager.js in Resources */ = {isa = PBXBuildFile; fileRef = 0CA0809F305AA6250067C2A3 /* resource-manager.js */; };
		0CA080D2305AA6250067C2A3 /* styles.css in Resources */ = {isa = PBXBuildFile; fileRef = 0CA080A0305AA6250067C2A3 /* styles.css */; };
		0CA080D3305AA6250067C2A3 /* background.js in Resources */ = {isa = PBXBuildFile; fileRef = 0CA080A1305AA6250067C2A3 /* background.js */; };
		0CA080D4305AA6250067C2A3 /* logo-cos.png in Resources */ = {isa = PBXBuildFile; fileRef = 0CA080A2305AA6250067C2A3 /* logo-cos.png */; };
		0CA080D5305AA6250067C2A3 /* input-switch-polyfill.js in Resources */ = {isa = PBXBuildFile; fileRef = 0CA080A3305AA6250067C2A3 /* input-switch-polyfill.js */; };
		0CA080D6305AA6250067C2A3 /* logo-cos.svg in Resources */ = {isa = PBXBuildFile; fileRef = 0CA080A4305AA6250067C2A3 /* logo-cos.svg */; };
		0CA080D7305AA6250067C2A3 /* popup.html in Resources */ = {isa = PBXBuildFile; fileRef = 0CA080A5305AA6250067C2A3 /* popup.html */; };
		0CA080D8305AA6250067C2A3 /* options.js in Resources */ = {isa = PBXBuildFile; fileRef = 0CA080A6305AA6250067C2A3 /* options.js */; };
		0CA080D9305AA6250067C2A3 /* relay-extension.html in Resources */ = {isa = PBXBuildFile; fileRef = 0CA080A7305AA6250067C2A3 /* relay-extension.html */; };
		0CA080DA305AA6250067C2A3 /* viewer.js in Resources */ = {isa = PBXBuildFile; fileRef = 0CA080A8305AA6250067C2A3 /* viewer.js */; };
		0CA080DB305AA6250067C2A3 /* phl-details.js in Resources */ = {isa = PBXBuildFile; fileRef = 0CA080A9305AA6250067C2A3 /* phl-details.js */; };
		0CA080DC305AA6250067C2A3 /* viewer.html in Resources */ = {isa = PBXBuildFile; fileRef = 0CA080AA305AA6250067C2A3 /* viewer.html */; };
		0CA080DD305AA6250067C2A3 /* phl-details.html in Resources */ = {isa = PBXBuildFile; fileRef = 0CA080AB305AA6250067C2A3 /* phl-details.html */; };
		0CA080DE305AA6250067C2A3 /* manifest.json in Resources */ = {isa = PBXBuildFile; fileRef = 0CA080AC305AA6250067C2A3 /* manifest.json */; };
		0CA080DF305AA6250067C2A3 /* same-site.js in Resources */ = {isa = PBXBuildFile; fileRef = 0CA080AD305AA6250067C2A3 /* same-site.js */; };
		0CA080E0305AA6250067C2A3 /* options.html in Resources */ = {isa = PBXBuildFile; fileRef = 0CA080AE305AA6250067C2A3 /* options.html */; };
		0CA080E1305AA6250067C2A3 /* input-switch-polyfill.css in Resources */ = {isa = PBXBuildFile; fileRef = 0CA080AF305AA6250067C2A3 /* input-switch-polyfill.css */; };
		0CA080E2305AA6250067C2A3 /* background.html in Resources */ = {isa = PBXBuildFile; fileRef = 0CA080B0305AA6250067C2A3 /* background.html */; };
		0CA080E3305AA6250067C2A3 /* content.js in Resources */ = {isa = PBXBuildFile; fileRef = 0CA080B1305AA6250067C2A3 /* content.js */; };
		0CA080E4305AA6250067C2A3 /* public-suffix-list.js in Resources */ = {isa = PBXBuildFile; fileRef = 0CA080B2305AA6250067C2A3 /* public-suffix-list.js */; };
		0CA080E5305AA6250067C2A3 /* main-world.js in Resources */ = {isa = PBXBuildFile; fileRef = 0CA080B3305AA6250067C2A3 /* main-world.js */; };
		0CA080E6305AA6250067C2A3 /* public-hash-list.js in Resources */ = {isa = PBXBuildFile; fileRef = 0CA080B4305AA6250067C2A3 /* public-hash-list.js */; };
/* End PBXBuildFile section */

/* Begin PBXContainerItemProxy section */
		0CA0806F305AA6250067C2A3 /* PBXContainerItemProxy */ = {
			isa = PBXContainerItemProxy;
			containerPortal = 0CA0803C305AA6230067C2A3 /* Project object */;
			proxyType = 1;
			remoteGlobalIDString = 0CA0806C305AA6250067C2A3;
			remoteInfo = "Cross-Origin Storage Extension (iOS)";
		};
		0CA08079305AA6250067C2A3 /* PBXContainerItemProxy */ = {
			isa = PBXContainerItemProxy;
			containerPortal = 0CA0803C305AA6230067C2A3 /* Project object */;
			proxyType = 1;
			remoteGlobalIDString = 0CA08076305AA6250067C2A3;
			remoteInfo = "Cross-Origin Storage Extension (macOS)";
		};
/* End PBXContainerItemProxy section */

/* Begin PBXCopyFilesBuildPhase section */
		0CA08090305AA6250067C2A3 /* Embed Foundation Extensions */ = {
			isa = PBXCopyFilesBuildPhase;
			buildActionMask = 2147483647;
			dstPath = "";
			dstSubfolderSpec = 13;
			files = (
				0CA0806E305AA6250067C2A3 /* Cross-Origin Storage Extension.appex in Embed Foundation Extensions */,
			);
			name = "Embed Foundation Extensions";
			runOnlyForDeploymentPostprocessing = 0;
		};
		0CA08097305AA6250067C2A3 /* Embed Foundation Extensions */ = {
			isa = PBXCopyFilesBuildPhase;
			buildActionMask = 2147483647;
			dstPath = "";
			dstSubfolderSpec = 13;
			files = (
				0CA08078305AA6250067C2A3 /* Cross-Origin Storage Extension.appex in Embed Foundation Extensions */,
			);
			name = "Embed Foundation Extensions";
			runOnlyForDeploymentPostprocessing = 0;
		};
/* End PBXCopyFilesBuildPhase section */

/* Begin PBXFileReference section */
		0CA08043305AA6240067C2A3 /* Base */ = {isa = PBXFileReference; lastKnownFileType = text.html; name = Base; path = Base.lproj/Main.html; sourceTree = "<group>"; };
		0CA08044305AA6240067C2A3 /* Icon.png */ = {isa = PBXFileReference; lastKnownFileType = image.png; path = Icon.png; sourceTree = "<group>"; };
		0CA08045305AA6240067C2A3 /* Style.css */ = {isa = PBXFileReference; lastKnownFileType = text.css; path = Style.css; sourceTree = "<group>"; };
		0CA08046305AA6240067C2A3 /* Script.js */ = {isa = PBXFileReference; lastKnownFileType = sourcecode.javascript; path = Script.js; sourceTree = "<group>"; };
		0CA08047305AA6240067C2A3 /* ViewController.swift */ = {isa = PBXFileReference; lastKnownFileType = sourcecode.swift; path = ViewController.swift; sourceTree = "<group>"; };
		0CA08048305AA6250067C2A3 /* Assets.xcassets */ = {isa = PBXFileReference; lastKnownFileType = folder.assetcatalog; path = Assets.xcassets; sourceTree = "<group>"; };
		0CA0804A305AA6250067C2A3 /* SafariWebExtensionHandler.swift */ = {isa = PBXFileReference; lastKnownFileType = sourcecode.swift; path = SafariWebExtensionHandler.swift; sourceTree = "<group>"; };
		0CA0804F305AA6250067C2A3 /* Cross-Origin Storage.app */ = {isa = PBXFileReference; explicitFileType = wrapper.application; includeInIndex = 0; path = "Cross-Origin Storage.app"; sourceTree = BUILT_PRODUCTS_DIR; };
		0CA08052305AA6250067C2A3 /* AppDelegate.swift */ = {isa = PBXFileReference; lastKnownFileType = sourcecode.swift; path = AppDelegate.swift; sourceTree = "<group>"; };
		0CA08054305AA6250067C2A3 /* SceneDelegate.swift */ = {isa = PBXFileReference; lastKnownFileType = sourcecode.swift; path = SceneDelegate.swift; sourceTree = "<group>"; };
		0CA08057305AA6250067C2A3 /* Base */ = {isa = PBXFileReference; lastKnownFileType = file.storyboard; name = Base; path = Base.lproj/LaunchScreen.storyboard; sourceTree = "<group>"; };
		0CA0805A305AA6250067C2A3 /* Base */ = {isa = PBXFileReference; lastKnownFileType = file.storyboard; name = Base; path = Base.lproj/Main.storyboard; sourceTree = "<group>"; };
		0CA0805C305AA6250067C2A3 /* Info.plist */ = {isa = PBXFileReference; lastKnownFileType = text.plist.xml; path = Info.plist; sourceTree = "<group>"; };
		0CA08061305AA6250067C2A3 /* Cross-Origin Storage.app */ = {isa = PBXFileReference; explicitFileType = wrapper.application; includeInIndex = 0; path = "Cross-Origin Storage.app"; sourceTree = BUILT_PRODUCTS_DIR; };
		0CA08063305AA6250067C2A3 /* AppDelegate.swift */ = {isa = PBXFileReference; lastKnownFileType = sourcecode.swift; path = AppDelegate.swift; sourceTree = "<group>"; };
		0CA08066305AA6250067C2A3 /* Base */ = {isa = PBXFileReference; lastKnownFileType = file.storyboard; name = Base; path = Base.lproj/Main.storyboard; sourceTree = "<group>"; };
		0CA08068305AA6250067C2A3 /* Info.plist */ = {isa = PBXFileReference; lastKnownFileType = text.plist.xml; path = Info.plist; sourceTree = "<group>"; };
		0CA0806D305AA6250067C2A3 /* Cross-Origin Storage Extension.appex */ = {isa = PBXFileReference; explicitFileType = "wrapper.app-extension"; includeInIndex = 0; path = "Cross-Origin Storage Extension.appex"; sourceTree = BUILT_PRODUCTS_DIR; };
		0CA08072305AA6250067C2A3 /* Info.plist */ = {isa = PBXFileReference; lastKnownFileType = text.plist.xml; path = Info.plist; sourceTree = "<group>"; };
		0CA08077305AA6250067C2A3 /* Cross-Origin Storage Extension.appex */ = {isa = PBXFileReference; explicitFileType = "wrapper.app-extension"; includeInIndex = 0; path = "Cross-Origin Storage Extension.appex"; sourceTree = BUILT_PRODUCTS_DIR; };
		0CA0807C305AA6250067C2A3 /* Info.plist */ = {isa = PBXFileReference; lastKnownFileType = text.plist.xml; path = Info.plist; sourceTree = "<group>"; };
		0CA0809C305AA6250067C2A3 /* sha256.js */ = {isa = PBXFileReference; lastKnownFileType = sourcecode.javascript; name = sha256.js; path = "../../../safari-extension-src/sha256.js"; sourceTree = "<group>"; };
		0CA0809D305AA6250067C2A3 /* popup.js */ = {isa = PBXFileReference; lastKnownFileType = sourcecode.javascript; name = popup.js; path = "../../../safari-extension-src/popup.js"; sourceTree = "<group>"; };
		0CA0809E305AA6250067C2A3 /* relay-extension.js */ = {isa = PBXFileReference; lastKnownFileType = sourcecode.javascript; name = "relay-extension.js"; path = "../../../safari-extension-src/relay-extension.js"; sourceTree = "<group>"; };
		0CA0809F305AA6250067C2A3 /* resource-manager.js */ = {isa = PBXFileReference; lastKnownFileType = sourcecode.javascript; name = "resource-manager.js"; path = "../../../safari-extension-src/resource-manager.js"; sourceTree = "<group>"; };
		0CA080A0305AA6250067C2A3 /* styles.css */ = {isa = PBXFileReference; lastKnownFileType = text.css; name = styles.css; path = "../../../safari-extension-src/styles.css"; sourceTree = "<group>"; };
		0CA080A1305AA6250067C2A3 /* background.js */ = {isa = PBXFileReference; lastKnownFileType = sourcecode.javascript; name = background.js; path = "../../../safari-extension-src/background.js"; sourceTree = "<group>"; };
		0CA080A2305AA6250067C2A3 /* logo-cos.png */ = {isa = PBXFileReference; lastKnownFileType = image.png; name = "logo-cos.png"; path = "../../../safari-extension-src/logo-cos.png"; sourceTree = "<group>"; };
		0CA080A3305AA6250067C2A3 /* input-switch-polyfill.js */ = {isa = PBXFileReference; lastKnownFileType = sourcecode.javascript; name = "input-switch-polyfill.js"; path = "../../../safari-extension-src/input-switch-polyfill.js"; sourceTree = "<group>"; };
		0CA080A4305AA6250067C2A3 /* logo-cos.svg */ = {isa = PBXFileReference; lastKnownFileType = text; name = "logo-cos.svg"; path = "../../../safari-extension-src/logo-cos.svg"; sourceTree = "<group>"; };
		0CA080A5305AA6250067C2A3 /* popup.html */ = {isa = PBXFileReference; lastKnownFileType = text.html; name = popup.html; path = "../../../safari-extension-src/popup.html"; sourceTree = "<group>"; };
		0CA080A6305AA6250067C2A3 /* options.js */ = {isa = PBXFileReference; lastKnownFileType = sourcecode.javascript; name = options.js; path = "../../../safari-extension-src/options.js"; sourceTree = "<group>"; };
		0CA080A7305AA6250067C2A3 /* relay-extension.html */ = {isa = PBXFileReference; lastKnownFileType = text.html; name = "relay-extension.html"; path = "../../../safari-extension-src/relay-extension.html"; sourceTree = "<group>"; };
		0CA080A8305AA6250067C2A3 /* viewer.js */ = {isa = PBXFileReference; lastKnownFileType = sourcecode.javascript; name = viewer.js; path = "../../../safari-extension-src/viewer.js"; sourceTree = "<group>"; };
		0CA080A9305AA6250067C2A3 /* phl-details.js */ = {isa = PBXFileReference; lastKnownFileType = sourcecode.javascript; name = "phl-details.js"; path = "../../../safari-extension-src/phl-details.js"; sourceTree = "<group>"; };
		0CA080AA305AA6250067C2A3 /* viewer.html */ = {isa = PBXFileReference; lastKnownFileType = text.html; name = viewer.html; path = "../../../safari-extension-src/viewer.html"; sourceTree = "<group>"; };
		0CA080AB305AA6250067C2A3 /* phl-details.html */ = {isa = PBXFileReference; lastKnownFileType = text.html; name = "phl-details.html"; path = "../../../safari-extension-src/phl-details.html"; sourceTree = "<group>"; };
		0CA080AC305AA6250067C2A3 /* manifest.json */ = {isa = PBXFileReference; lastKnownFileType = text.json; name = manifest.json; path = "../../../safari-extension-src/manifest.json"; sourceTree = "<group>"; };
		0CA080AD305AA6250067C2A3 /* same-site.js */ = {isa = PBXFileReference; lastKnownFileType = sourcecode.javascript; name = "same-site.js"; path = "../../../safari-extension-src/same-site.js"; sourceTree = "<group>"; };
		0CA080AE305AA6250067C2A3 /* options.html */ = {isa = PBXFileReference; lastKnownFileType = text.html; name = options.html; path = "../../../safari-extension-src/options.html"; sourceTree = "<group>"; };
		0CA080AF305AA6250067C2A3 /* input-switch-polyfill.css */ = {isa = PBXFileReference; lastKnownFileType = text.css; name = "input-switch-polyfill.css"; path = "../../../safari-extension-src/input-switch-polyfill.css"; sourceTree = "<group>"; };
		0CA080B0305AA6250067C2A3 /* background.html */ = {isa = PBXFileReference; lastKnownFileType = text.html; name = background.html; path = "../../../safari-extension-src/background.html"; sourceTree = "<group>"; };
		0CA080B1305AA6250067C2A3 /* content.js */ = {isa = PBXFileReference; lastKnownFileType = sourcecode.javascript; name = content.js; path = "../../../safari-extension-src/content.js"; sourceTree = "<group>"; };
		0CA080B2305AA6250067C2A3 /* public-suffix-list.js */ = {isa = PBXFileReference; lastKnownFileType = sourcecode.javascript; name = "public-suffix-list.js"; path = "../../../safari-extension-src/public-suffix-list.js"; sourceTree = "<group>"; };
		0CA080B3305AA6250067C2A3 /* main-world.js */ = {isa = PBXFileReference; lastKnownFileType = sourcecode.javascript; name = "main-world.js"; path = "../../../safari-extension-src/main-world.js"; sourceTree = "<group>"; };
		0CA080B4305AA6250067C2A3 /* public-hash-list.js */ = {isa = PBXFileReference; lastKnownFileType = sourcecode.javascript; name = "public-hash-list.js"; path = "../../../safari-extension-src/public-hash-list.js"; sourceTree = "<group>"; };
/* End PBXFileReference section */

/* Begin PBXFrameworksBuildPhase section */
		0CA0804C305AA6250067C2A3 /* Frameworks */ = {
			isa = PBXFrameworksBuildPhase;
			buildActionMask = 2147483647;
			files = (
			);
			runOnlyForDeploymentPostprocessing = 0;
		};
		0CA0805E305AA6250067C2A3 /* Frameworks */ = {
			isa = PBXFrameworksBuildPhase;
			buildActionMask = 2147483647;
			files = (
			);
			runOnlyForDeploymentPostprocessing = 0;
		};
		0CA0806A305AA6250067C2A3 /* Frameworks */ = {
			isa = PBXFrameworksBuildPhase;
			buildActionMask = 2147483647;
			files = (
			);
			runOnlyForDeploymentPostprocessing = 0;
		};
		0CA08074305AA6250067C2A3 /* Frameworks */ = {
			isa = PBXFrameworksBuildPhase;
			buildActionMask = 2147483647;
			files = (
			);
			runOnlyForDeploymentPostprocessing = 0;
		};
/* End PBXFrameworksBuildPhase section */

/* Begin PBXGroup section */
		0CA0803B305AA6230067C2A3 = {
			isa = PBXGroup;
			children = (
				0CA08040305AA6240067C2A3 /* Shared (App) */,
				0CA08049305AA6250067C2A3 /* Shared (Extension) */,
				0CA08051305AA6250067C2A3 /* iOS (App) */,
				0CA08062305AA6250067C2A3 /* macOS (App) */,
				0CA08071305AA6250067C2A3 /* iOS (Extension) */,
				0CA0807B305AA6250067C2A3 /* macOS (Extension) */,
				0CA08050305AA6250067C2A3 /* Products */,
			);
			sourceTree = "<group>";
		};
		0CA08040305AA6240067C2A3 /* Shared (App) */ = {
			isa = PBXGroup;
			children = (
				0CA08047305AA6240067C2A3 /* ViewController.swift */,
				0CA08048305AA6250067C2A3 /* Assets.xcassets */,
				0CA08041305AA6240067C2A3 /* Resources */,
			);
			path = "Shared (App)";
			sourceTree = "<group>";
		};
		0CA08041305AA6240067C2A3 /* Resources */ = {
			isa = PBXGroup;
			children = (
				0CA08042305AA6240067C2A3 /* Main.html */,
				0CA08044305AA6240067C2A3 /* Icon.png */,
				0CA08045305AA6240067C2A3 /* Style.css */,
				0CA08046305AA6240067C2A3 /* Script.js */,
			);
			path = Resources;
			sourceTree = "<group>";
		};
		0CA08049305AA6250067C2A3 /* Shared (Extension) */ = {
			isa = PBXGroup;
			children = (
				0CA0809B305AA6250067C2A3 /* Resources */,
				0CA0804A305AA6250067C2A3 /* SafariWebExtensionHandler.swift */,
			);
			path = "Shared (Extension)";
			sourceTree = "<group>";
		};
		0CA08050305AA6250067C2A3 /* Products */ = {
			isa = PBXGroup;
			children = (
				0CA0804F305AA6250067C2A3 /* Cross-Origin Storage.app */,
				0CA08061305AA6250067C2A3 /* Cross-Origin Storage.app */,
				0CA0806D305AA6250067C2A3 /* Cross-Origin Storage Extension.appex */,
				0CA08077305AA6250067C2A3 /* Cross-Origin Storage Extension.appex */,
			);
			name = Products;
			sourceTree = "<group>";
		};
		0CA08051305AA6250067C2A3 /* iOS (App) */ = {
			isa = PBXGroup;
			children = (
				0CA08052305AA6250067C2A3 /* AppDelegate.swift */,
				0CA08054305AA6250067C2A3 /* SceneDelegate.swift */,
				0CA08056305AA6250067C2A3 /* LaunchScreen.storyboard */,
				0CA08059305AA6250067C2A3 /* Main.storyboard */,
				0CA0805C305AA6250067C2A3 /* Info.plist */,
			);
			path = "iOS (App)";
			sourceTree = "<group>";
		};
		0CA08062305AA6250067C2A3 /* macOS (App) */ = {
			isa = PBXGroup;
			children = (
				0CA08063305AA6250067C2A3 /* AppDelegate.swift */,
				0CA08065305AA6250067C2A3 /* Main.storyboard */,
				0CA08068305AA6250067C2A3 /* Info.plist */,
			);
			path = "macOS (App)";
			sourceTree = "<group>";
		};
		0CA08071305AA6250067C2A3 /* iOS (Extension) */ = {
			isa = PBXGroup;
			children = (
				0CA08072305AA6250067C2A3 /* Info.plist */,
			);
			path = "iOS (Extension)";
			sourceTree = "<group>";
		};
		0CA0807B305AA6250067C2A3 /* macOS (Extension) */ = {
			isa = PBXGroup;
			children = (
				0CA0807C305AA6250067C2A3 /* Info.plist */,
			);
			path = "macOS (Extension)";
			sourceTree = "<group>";
		};
		0CA0809B305AA6250067C2A3 /* Resources */ = {
			isa = PBXGroup;
			children = (
				0CA0809C305AA6250067C2A3 /* sha256.js */,
				0CA0809D305AA6250067C2A3 /* popup.js */,
				0CA0809E305AA6250067C2A3 /* relay-extension.js */,
				0CA0809F305AA6250067C2A3 /* resource-manager.js */,
				0CA080A0305AA6250067C2A3 /* styles.css */,
				0CA080A1305AA6250067C2A3 /* background.js */,
				0CA080A2305AA6250067C2A3 /* logo-cos.png */,
				0CA080A3305AA6250067C2A3 /* input-switch-polyfill.js */,
				0CA080A4305AA6250067C2A3 /* logo-cos.svg */,
				0CA080A5305AA6250067C2A3 /* popup.html */,
				0CA080A6305AA6250067C2A3 /* options.js */,
				0CA080A7305AA6250067C2A3 /* relay-extension.html */,
				0CA080A8305AA6250067C2A3 /* viewer.js */,
				0CA080A9305AA6250067C2A3 /* phl-details.js */,
				0CA080AA305AA6250067C2A3 /* viewer.html */,
				0CA080AB305AA6250067C2A3 /* phl-details.html */,
				0CA080AC305AA6250067C2A3 /* manifest.json */,
				0CA080AD305AA6250067C2A3 /* same-site.js */,
				0CA080AE305AA6250067C2A3 /* options.html */,
				0CA080AF305AA6250067C2A3 /* input-switch-polyfill.css */,
				0CA080B0305AA6250067C2A3 /* background.html */,
				0CA080B1305AA6250067C2A3 /* content.js */,
				0CA080B2305AA6250067C2A3 /* public-suffix-list.js */,
				0CA080B3305AA6250067C2A3 /* main-world.js */,
				0CA080B4305AA6250067C2A3 /* public-hash-list.js */,
			);
			name = Resources;
			path = "Shared (Extension)";
			sourceTree = SOURCE_ROOT;
		};
/* End PBXGroup section */

/* Begin PBXNativeTarget section */
		0CA0804E305AA6250067C2A3 /* Cross-Origin Storage (iOS) */ = {
			isa = PBXNativeTarget;
			buildConfigurationList = 0CA08091305AA6250067C2A3 /* Build configuration list for PBXNativeTarget "Cross-Origin Storage (iOS)" */;
			buildPhases = (
				0CA0804B305AA6250067C2A3 /* Sources */,
				0CA0804C305AA6250067C2A3 /* Frameworks */,
				0CA0804D305AA6250067C2A3 /* Resources */,
				0CA08090305AA6250067C2A3 /* Embed Foundation Extensions */,
			);
			buildRules = (
			);
			dependencies = (
				0CA08070305AA6250067C2A3 /* PBXTargetDependency */,
			);
			name = "Cross-Origin Storage (iOS)";
			packageProductDependencies = (
			);
			productName = "Cross-Origin Storage (iOS)";
			productReference = 0CA0804F305AA6250067C2A3 /* Cross-Origin Storage.app */;
			productType = "com.apple.product-type.application";
		};
		0CA08060305AA6250067C2A3 /* Cross-Origin Storage (macOS) */ = {
			isa = PBXNativeTarget;
			buildConfigurationList = 0CA08098305AA6250067C2A3 /* Build configuration list for PBXNativeTarget "Cross-Origin Storage (macOS)" */;
			buildPhases = (
				0CA0805D305AA6250067C2A3 /* Sources */,
				0CA0805E305AA6250067C2A3 /* Frameworks */,
				0CA0805F305AA6250067C2A3 /* Resources */,
				0CA08097305AA6250067C2A3 /* Embed Foundation Extensions */,
			);
			buildRules = (
			);
			dependencies = (
				0CA0807A305AA6250067C2A3 /* PBXTargetDependency */,
			);
			name = "Cross-Origin Storage (macOS)";
			packageProductDependencies = (
			);
			productName = "Cross-Origin Storage (macOS)";
			productReference = 0CA08061305AA6250067C2A3 /* Cross-Origin Storage.app */;
			productType = "com.apple.product-type.application";
		};
		0CA0806C305AA6250067C2A3 /* Cross-Origin Storage Extension (iOS) */ = {
			isa = PBXNativeTarget;
			buildConfigurationList = 0CA0808D305AA6250067C2A3 /* Build configuration list for PBXNativeTarget "Cross-Origin Storage Extension (iOS)" */;
			buildPhases = (
				0CA08069305AA6250067C2A3 /* Sources */,
				0CA0806A305AA6250067C2A3 /* Frameworks */,
				0CA0806B305AA6250067C2A3 /* Resources */,
			);
			buildRules = (
			);
			dependencies = (
			);
			name = "Cross-Origin Storage Extension (iOS)";
			packageProductDependencies = (
			);
			productName = "Cross-Origin Storage Extension (iOS)";
			productReference = 0CA0806D305AA6250067C2A3 /* Cross-Origin Storage Extension.appex */;
			productType = "com.apple.product-type.app-extension";
		};
		0CA08076305AA6250067C2A3 /* Cross-Origin Storage Extension (macOS) */ = {
			isa = PBXNativeTarget;
			buildConfigurationList = 0CA08094305AA6250067C2A3 /* Build configuration list for PBXNativeTarget "Cross-Origin Storage Extension (macOS)" */;
			buildPhases = (
				0CA08073305AA6250067C2A3 /* Sources */,
				0CA08074305AA6250067C2A3 /* Frameworks */,
				0CA08075305AA6250067C2A3 /* Resources */,
			);
			buildRules = (
			);
			dependencies = (
			);
			name = "Cross-Origin Storage Extension (macOS)";
			packageProductDependencies = (
			);
			productName = "Cross-Origin Storage Extension (macOS)";
			productReference = 0CA08077305AA6250067C2A3 /* Cross-Origin Storage Extension.appex */;
			productType = "com.apple.product-type.app-extension";
		};
/* End PBXNativeTarget section */

/* Begin PBXProject section */
		0CA0803C305AA6230067C2A3 /* Project object */ = {
			isa = PBXProject;
			attributes = {
				BuildIndependentTargetsInParallel = 1;
				LastSwiftUpdateCheck = 2660;
				LastUpgradeCheck = 2660;
				TargetAttributes = {
					0CA0804E305AA6250067C2A3 = {
						CreatedOnToolsVersion = 26.6;
					};
					0CA08060305AA6250067C2A3 = {
						CreatedOnToolsVersion = 26.6;
					};
					0CA0806C305AA6250067C2A3 = {
						CreatedOnToolsVersion = 26.6;
					};
					0CA08076305AA6250067C2A3 = {
						CreatedOnToolsVersion = 26.6;
					};
				};
			};
			buildConfigurationList = 0CA0803F305AA6230067C2A3 /* Build configuration list for PBXProject "Cross-Origin Storage" */;
			developmentRegion = en;
			hasScannedForEncodings = 0;
			knownRegions = (
				en,
				Base,
			);
			mainGroup = 0CA0803B305AA6230067C2A3;
			minimizedProjectReferenceProxies = 1;
			preferredProjectObjectVersion = 77;
			productRefGroup = 0CA08050305AA6250067C2A3 /* Products */;
			projectDirPath = "";
			projectRoot = "";
			targets = (
				0CA0804E305AA6250067C2A3 /* Cross-Origin Storage (iOS) */,
				0CA08060305AA6250067C2A3 /* Cross-Origin Storage (macOS) */,
				0CA0806C305AA6250067C2A3 /* Cross-Origin Storage Extension (iOS) */,
				0CA08076305AA6250067C2A3 /* Cross-Origin Storage Extension (macOS) */,
			);
		};
/* End PBXProject section */

/* Begin PBXResourcesBuildPhase section */
		0CA0804D305AA6250067C2A3 /* Resources */ = {
			isa = PBXResourcesBuildPhase;
			buildActionMask = 2147483647;
			files = (
				0CA0807F305AA6250067C2A3 /* Icon.png in Resources */,
				0CA08058305AA6250067C2A3 /* LaunchScreen.storyboard in Resources */,
				0CA0807D305AA6250067C2A3 /* Main.html in Resources */,
				0CA08083305AA6250067C2A3 /* Script.js in Resources */,
				0CA08087305AA6250067C2A3 /* Assets.xcassets in Resources */,
				0CA0805B305AA6250067C2A3 /* Main.storyboard in Resources */,
				0CA08081305AA6250067C2A3 /* Style.css in Resources */,
			);
			runOnlyForDeploymentPostprocessing = 0;
		};
		0CA0805F305AA6250067C2A3 /* Resources */ = {
			isa = PBXResourcesBuildPhase;
			buildActionMask = 2147483647;
			files = (
				0CA08080305AA6250067C2A3 /* Icon.png in Resources */,
				0CA08082305AA6250067C2A3 /* Style.css in Resources */,
				0CA08067305AA6250067C2A3 /* Main.storyboard in Resources */,
				0CA08084305AA6250067C2A3 /* Script.js in Resources */,
				0CA08088305AA6250067C2A3 /* Assets.xcassets in Resources */,
				0CA0807E305AA6250067C2A3 /* Main.html in Resources */,
			);
			runOnlyForDeploymentPostprocessing = 0;
		};
		0CA0806B305AA6250067C2A3 /* Resources */ = {
			isa = PBXResourcesBuildPhase;
			buildActionMask = 2147483647;
			files = (
				0CA080DB305AA6250067C2A3 /* phl-details.js in Resources */,
				0CA080E4305AA6250067C2A3 /* public-suffix-list.js in Resources */,
				0CA080CE305AA6250067C2A3 /* sha256.js in Resources */,
				0CA080D7305AA6250067C2A3 /* popup.html in Resources */,
				0CA080D9305AA6250067C2A3 /* relay-extension.html in Resources */,
				0CA080E6305AA6250067C2A3 /* public-hash-list.js in Resources */,
				0CA080D0305AA6250067C2A3 /* relay-extension.js in Resources */,
				0CA080D8305AA6250067C2A3 /* options.js in Resources */,
				0CA080D6305AA6250067C2A3 /* logo-cos.svg in Resources */,
				0CA080E2305AA6250067C2A3 /* background.html in Resources */,
				0CA080D5305AA6250067C2A3 /* input-switch-polyfill.js in Resources */,
				0CA080E5305AA6250067C2A3 /* main-world.js in Resources */,
				0CA080D1305AA6250067C2A3 /* resource-manager.js in Resources */,
				0CA080DF305AA6250067C2A3 /* same-site.js in Resources */,
				0CA080E0305AA6250067C2A3 /* options.html in Resources */,
				0CA080E3305AA6250067C2A3 /* content.js in Resources */,
				0CA080DA305AA6250067C2A3 /* viewer.js in Resources */,
				0CA080DD305AA6250067C2A3 /* phl-details.html in Resources */,
				0CA080D2305AA6250067C2A3 /* styles.css in Resources */,
				0CA080D3305AA6250067C2A3 /* background.js in Resources */,
				0CA080E1305AA6250067C2A3 /* input-switch-polyfill.css in Resources */,
				0CA080DE305AA6250067C2A3 /* manifest.json in Resources */,
				0CA080DC305AA6250067C2A3 /* viewer.html in Resources */,
				0CA080D4305AA6250067C2A3 /* logo-cos.png in Resources */,
				0CA080CF305AA6250067C2A3 /* popup.js in Resources */,
			);
			runOnlyForDeploymentPostprocessing = 0;
		};
		0CA08075305AA6250067C2A3 /* Resources */ = {
			isa = PBXResourcesBuildPhase;
			buildActionMask = 2147483647;
			files = (
				0CA080C2305AA6250067C2A3 /* phl-details.js in Resources */,
				0CA080CB305AA6250067C2A3 /* public-suffix-list.js in Resources */,
				0CA080B5305AA6250067C2A3 /* sha256.js in Resources */,
				0CA080BE305AA6250067C2A3 /* popup.html in Resources */,
				0CA080C0305AA6250067C2A3 /* relay-extension.html in Resources */,
				0CA080CD305AA6250067C2A3 /* public-hash-list.js in Resources */,
				0CA080B7305AA6250067C2A3 /* relay-extension.js in Resources */,
				0CA080BF305AA6250067C2A3 /* options.js in Resources */,
				0CA080BD305AA6250067C2A3 /* logo-cos.svg in Resources */,
				0CA080C9305AA6250067C2A3 /* background.html in Resources */,
				0CA080BC305AA6250067C2A3 /* input-switch-polyfill.js in Resources */,
				0CA080CC305AA6250067C2A3 /* main-world.js in Resources */,
				0CA080B8305AA6250067C2A3 /* resource-manager.js in Resources */,
				0CA080C6305AA6250067C2A3 /* same-site.js in Resources */,
				0CA080C7305AA6250067C2A3 /* options.html in Resources */,
				0CA080CA305AA6250067C2A3 /* content.js in Resources */,
				0CA080C1305AA6250067C2A3 /* viewer.js in Resources */,
				0CA080C4305AA6250067C2A3 /* phl-details.html in Resources */,
				0CA080B9305AA6250067C2A3 /* styles.css in Resources */,
				0CA080BA305AA6250067C2A3 /* background.js in Resources */,
				0CA080C8305AA6250067C2A3 /* input-switch-polyfill.css in Resources */,
				0CA080C5305AA6250067C2A3 /* manifest.json in Resources */,
				0CA080C3305AA6250067C2A3 /* viewer.html in Resources */,
				0CA080BB305AA6250067C2A3 /* logo-cos.png in Resources */,
				0CA080B6305AA6250067C2A3 /* popup.js in Resources */,
			);
			runOnlyForDeploymentPostprocessing = 0;
		};
/* End PBXResourcesBuildPhase section */

/* Begin PBXSourcesBuildPhase section */
		0CA0804B305AA6250067C2A3 /* Sources */ = {
			isa = PBXSourcesBuildPhase;
			buildActionMask = 2147483647;
			files = (
				0CA08085305AA6250067C2A3 /* ViewController.swift in Sources */,
				0CA08053305AA6250067C2A3 /* AppDelegate.swift in Sources */,
				0CA08055305AA6250067C2A3 /* SceneDelegate.swift in Sources */,
			);
			runOnlyForDeploymentPostprocessing = 0;
		};
		0CA0805D305AA6250067C2A3 /* Sources */ = {
			isa = PBXSourcesBuildPhase;
			buildActionMask = 2147483647;
			files = (
				0CA08086305AA6250067C2A3 /* ViewController.swift in Sources */,
				0CA08064305AA6250067C2A3 /* AppDelegate.swift in Sources */,
			);
			runOnlyForDeploymentPostprocessing = 0;
		};
		0CA08069305AA6250067C2A3 /* Sources */ = {
			isa = PBXSourcesBuildPhase;
			buildActionMask = 2147483647;
			files = (
				0CA08089305AA6250067C2A3 /* SafariWebExtensionHandler.swift in Sources */,
			);
			runOnlyForDeploymentPostprocessing = 0;
		};
		0CA08073305AA6250067C2A3 /* Sources */ = {
			isa = PBXSourcesBuildPhase;
			buildActionMask = 2147483647;
			files = (
				0CA0808A305AA6250067C2A3 /* SafariWebExtensionHandler.swift in Sources */,
			);
			runOnlyForDeploymentPostprocessing = 0;
		};
/* End PBXSourcesBuildPhase section */

/* Begin PBXTargetDependency section */
		0CA08070305AA6250067C2A3 /* PBXTargetDependency */ = {
			isa = PBXTargetDependency;
			target = 0CA0806C305AA6250067C2A3 /* Cross-Origin Storage Extension (iOS) */;
			targetProxy = 0CA0806F305AA6250067C2A3 /* PBXContainerItemProxy */;
		};
		0CA0807A305AA6250067C2A3 /* PBXTargetDependency */ = {
			isa = PBXTargetDependency;
			target = 0CA08076305AA6250067C2A3 /* Cross-Origin Storage Extension (macOS) */;
			targetProxy = 0CA08079305AA6250067C2A3 /* PBXContainerItemProxy */;
		};
/* End PBXTargetDependency section */

/* Begin PBXVariantGroup section */
		0CA08042305AA6240067C2A3 /* Main.html */ = {
			isa = PBXVariantGroup;
			children = (
				0CA08043305AA6240067C2A3 /* Base */,
			);
			name = Main.html;
			sourceTree = "<group>";
		};
		0CA08056305AA6250067C2A3 /* LaunchScreen.storyboard */ = {
			isa = PBXVariantGroup;
			children = (
				0CA08057305AA6250067C2A3 /* Base */,
			);
			name = LaunchScreen.storyboard;
			sourceTree = "<group>";
		};
		0CA08059305AA6250067C2A3 /* Main.storyboard */ = {
			isa = PBXVariantGroup;
			children = (
				0CA0805A305AA6250067C2A3 /* Base */,
			);
			name = Main.storyboard;
			sourceTree = "<group>";
		};
		0CA08065305AA6250067C2A3 /* Main.storyboard */ = {
			isa = PBXVariantGroup;
			children = (
				0CA08066305AA6250067C2A3 /* Base */,
			);
			name = Main.storyboard;
			sourceTree = "<group>";
		};
/* End PBXVariantGroup section */

/* Begin XCBuildConfiguration section */
		0CA0808B305AA6250067C2A3 /* Debug */ = {
			isa = XCBuildConfiguration;
			buildSettings = {
				ALWAYS_SEARCH_USER_PATHS = NO;
				ASSETCATALOG_COMPILER_GENERATE_SWIFT_ASSET_SYMBOL_EXTENSIONS = YES;
				CLANG_ANALYZER_NONNULL = YES;
				CLANG_ANALYZER_NUMBER_OBJECT_CONVERSION = YES_AGGRESSIVE;
				CLANG_CXX_LANGUAGE_STANDARD = "gnu++20";
				CLANG_ENABLE_MODULES = YES;
				CLANG_ENABLE_OBJC_ARC = YES;
				CLANG_ENABLE_OBJC_WEAK = YES;
				CLANG_WARN_BLOCK_CAPTURE_AUTORELEASING = YES;
				CLANG_WARN_BOOL_CONVERSION = YES;
				CLANG_WARN_COMMA = YES;
				CLANG_WARN_CONSTANT_CONVERSION = YES;
				CLANG_WARN_DEPRECATED_OBJC_IMPLEMENTATIONS = YES;
				CLANG_WARN_DIRECT_OBJC_ISA_USAGE = YES_ERROR;
				CLANG_WARN_DOCUMENTATION_COMMENTS = YES;
				CLANG_WARN_EMPTY_BODY = YES;
				CLANG_WARN_ENUM_CONVERSION = YES;
				CLANG_WARN_INFINITE_RECURSION = YES;
				CLANG_WARN_INT_CONVERSION = YES;
				CLANG_WARN_NON_LITERAL_NULL_CONVERSION = YES;
				CLANG_WARN_OBJC_IMPLICIT_RETAIN_SELF = YES;
				CLANG_WARN_OBJC_LITERAL_CONVERSION = YES;
				CLANG_WARN_OBJC_ROOT_CLASS = YES_ERROR;
				CLANG_WARN_QUOTED_INCLUDE_IN_FRAMEWORK_HEADER = YES;
				CLANG_WARN_RANGE_LOOP_ANALYSIS = YES;
				CLANG_WARN_STRICT_PROTOTYPES = YES;
				CLANG_WARN_SUSPICIOUS_MOVE = YES;
				CLANG_WARN_UNGUARDED_AVAILABILITY = YES_AGGRESSIVE;
				CLANG_WARN_UNREACHABLE_CODE = YES;
				CLANG_WARN__DUPLICATE_METHOD_MATCH = YES;
				COPY_PHASE_STRIP = NO;
				DEBUG_INFORMATION_FORMAT = dwarf;
				ENABLE_STRICT_OBJC_MSGSEND = YES;
				ENABLE_TESTABILITY = YES;
				ENABLE_USER_SCRIPT_SANDBOXING = YES;
				GCC_C_LANGUAGE_STANDARD = gnu17;
				GCC_DYNAMIC_NO_PIC = NO;
				GCC_NO_COMMON_BLOCKS = YES;
				GCC_OPTIMIZATION_LEVEL = 0;
				GCC_PREPROCESSOR_DEFINITIONS = (
					"DEBUG=1",
					"$(inherited)",
				);
				GCC_WARN_64_TO_32_BIT_CONVERSION = YES;
				GCC_WARN_ABOUT_RETURN_TYPE = YES_ERROR;
				GCC_WARN_UNDECLARED_SELECTOR = YES;
				GCC_WARN_UNINITIALIZED_AUTOS = YES_AGGRESSIVE;
				GCC_WARN_UNUSED_FUNCTION = YES;
				GCC_WARN_UNUSED_VARIABLE = YES;
				LOCALIZATION_PREFERS_STRING_CATALOGS = YES;
				MTL_ENABLE_DEBUG_INFO = INCLUDE_SOURCE;
				MTL_FAST_MATH = YES;
				ONLY_ACTIVE_ARCH = YES;
				SWIFT_ACTIVE_COMPILATION_CONDITIONS = "DEBUG $(inherited)";
				SWIFT_OPTIMIZATION_LEVEL = "-Onone";
			};
			name = Debug;
		};
		0CA0808C305AA6250067C2A3 /* Release */ = {
			isa = XCBuildConfiguration;
			buildSettings = {
				ALWAYS_SEARCH_USER_PATHS = NO;
				ASSETCATALOG_COMPILER_GENERATE_SWIFT_ASSET_SYMBOL_EXTENSIONS = YES;
				CLANG_ANALYZER_NONNULL = YES;
				CLANG_ANALYZER_NUMBER_OBJECT_CONVERSION = YES_AGGRESSIVE;
				CLANG_CXX_LANGUAGE_STANDARD = "gnu++20";
				CLANG_ENABLE_MODULES = YES;
				CLANG_ENABLE_OBJC_ARC = YES;
				CLANG_ENABLE_OBJC_WEAK = YES;
				CLANG_WARN_BLOCK_CAPTURE_AUTORELEASING = YES;
				CLANG_WARN_BOOL_CONVERSION = YES;
				CLANG_WARN_COMMA = YES;
				CLANG_WARN_CONSTANT_CONVERSION = YES;
				CLANG_WARN_DEPRECATED_OBJC_IMPLEMENTATIONS = YES;
				CLANG_WARN_DIRECT_OBJC_ISA_USAGE = YES_ERROR;
				CLANG_WARN_DOCUMENTATION_COMMENTS = YES;
				CLANG_WARN_EMPTY_BODY = YES;
				CLANG_WARN_ENUM_CONVERSION = YES;
				CLANG_WARN_INFINITE_RECURSION = YES;
				CLANG_WARN_INT_CONVERSION = YES;
				CLANG_WARN_NON_LITERAL_NULL_CONVERSION = YES;
				CLANG_WARN_OBJC_IMPLICIT_RETAIN_SELF = YES;
				CLANG_WARN_OBJC_LITERAL_CONVERSION = YES;
				CLANG_WARN_OBJC_ROOT_CLASS = YES_ERROR;
				CLANG_WARN_QUOTED_INCLUDE_IN_FRAMEWORK_HEADER = YES;
				CLANG_WARN_RANGE_LOOP_ANALYSIS = YES;
				CLANG_WARN_STRICT_PROTOTYPES = YES;
				CLANG_WARN_SUSPICIOUS_MOVE = YES;
				CLANG_WARN_UNGUARDED_AVAILABILITY = YES_AGGRESSIVE;
				CLANG_WARN_UNREACHABLE_CODE = YES;
				CLANG_WARN__DUPLICATE_METHOD_MATCH = YES;
				COPY_PHASE_STRIP = NO;
				DEBUG_INFORMATION_FORMAT = "dwarf-with-dsym";
				ENABLE_NS_ASSERTIONS = NO;
				ENABLE_STRICT_OBJC_MSGSEND = YES;
				ENABLE_USER_SCRIPT_SANDBOXING = YES;
				GCC_C_LANGUAGE_STANDARD = gnu17;
				GCC_NO_COMMON_BLOCKS = YES;
				GCC_WARN_64_TO_32_BIT_CONVERSION = YES;
				GCC_WARN_ABOUT_RETURN_TYPE = YES_ERROR;
				GCC_WARN_UNDECLARED_SELECTOR = YES;
				GCC_WARN_UNINITIALIZED_AUTOS = YES_AGGRESSIVE;
				GCC_WARN_UNUSED_FUNCTION = YES;
				GCC_WARN_UNUSED_VARIABLE = YES;
				LOCALIZATION_PREFERS_STRING_CATALOGS = YES;
				MTL_ENABLE_DEBUG_INFO = NO;
				MTL_FAST_MATH = YES;
				SWIFT_COMPILATION_MODE = wholemodule;
			};
			name = Release;
		};
		0CA0808E305AA6250067C2A3 /* Debug */ = {
			isa = XCBuildConfiguration;
			buildSettings = {
				CODE_SIGN_STYLE = Automatic;
				CURRENT_PROJECT_VERSION = 1;
				GENERATE_INFOPLIST_FILE = YES;
				INFOPLIST_FILE = "iOS (Extension)/Info.plist";
				INFOPLIST_KEY_CFBundleDisplayName = "Cross-Origin Storage Extension";
				INFOPLIST_KEY_NSHumanReadableCopyright = "";
				IPHONEOS_DEPLOYMENT_TARGET = 15.0;
				LD_RUNPATH_SEARCH_PATHS = (
					"$(inherited)",
					"@executable_path/Frameworks",
					"@executable_path/../../Frameworks",
				);
				MARKETING_VERSION = 1.0;
				OTHER_LDFLAGS = (
					"-framework",
					SafariServices,
				);
				PRODUCT_BUNDLE_IDENTIFIER = com.tomayac.crossoriginstorage.Extension;
				PRODUCT_NAME = "Cross-Origin Storage Extension";
				SDKROOT = iphoneos;
				SKIP_INSTALL = YES;
				STRING_CATALOG_GENERATE_SYMBOLS = YES;
				SWIFT_APPROACHABLE_CONCURRENCY = YES;
				SWIFT_EMIT_LOC_STRINGS = YES;
				SWIFT_UPCOMING_FEATURE_MEMBER_IMPORT_VISIBILITY = YES;
				SWIFT_VERSION = 5.0;
				TARGETED_DEVICE_FAMILY = "1,2";
			};
			name = Debug;
		};
		0CA0808F305AA6250067C2A3 /* Release */ = {
			isa = XCBuildConfiguration;
			buildSettings = {
				CODE_SIGN_STYLE = Automatic;
				CURRENT_PROJECT_VERSION = 1;
				GENERATE_INFOPLIST_FILE = YES;
				INFOPLIST_FILE = "iOS (Extension)/Info.plist";
				INFOPLIST_KEY_CFBundleDisplayName = "Cross-Origin Storage Extension";
				INFOPLIST_KEY_NSHumanReadableCopyright = "";
				IPHONEOS_DEPLOYMENT_TARGET = 15.0;
				LD_RUNPATH_SEARCH_PATHS = (
					"$(inherited)",
					"@executable_path/Frameworks",
					"@executable_path/../../Frameworks",
				);
				MARKETING_VERSION = 1.0;
				OTHER_LDFLAGS = (
					"-framework",
					SafariServices,
				);
				PRODUCT_BUNDLE_IDENTIFIER = com.tomayac.crossoriginstorage.Extension;
				PRODUCT_NAME = "Cross-Origin Storage Extension";
				SDKROOT = iphoneos;
				SKIP_INSTALL = YES;
				STRING_CATALOG_GENERATE_SYMBOLS = YES;
				SWIFT_APPROACHABLE_CONCURRENCY = YES;
				SWIFT_EMIT_LOC_STRINGS = YES;
				SWIFT_UPCOMING_FEATURE_MEMBER_IMPORT_VISIBILITY = YES;
				SWIFT_VERSION = 5.0;
				TARGETED_DEVICE_FAMILY = "1,2";
				VALIDATE_PRODUCT = YES;
			};
			name = Release;
		};
		0CA08092305AA6250067C2A3 /* Debug */ = {
			isa = XCBuildConfiguration;
			buildSettings = {
				ASSETCATALOG_COMPILER_APPICON_NAME = AppIcon;
				ASSETCATALOG_COMPILER_GLOBAL_ACCENT_COLOR_NAME = AccentColor;
				CODE_SIGN_STYLE = Automatic;
				CURRENT_PROJECT_VERSION = 1;
				GENERATE_INFOPLIST_FILE = YES;
				INFOPLIST_FILE = "iOS (App)/Info.plist";
				INFOPLIST_KEY_CFBundleDisplayName = "Cross-Origin Storage";
				INFOPLIST_KEY_UIApplicationSupportsIndirectInputEvents = YES;
				INFOPLIST_KEY_UILaunchStoryboardName = LaunchScreen;
				INFOPLIST_KEY_UIMainStoryboardFile = Main;
				INFOPLIST_KEY_UISupportedInterfaceOrientations = "UIInterfaceOrientationPortrait UIInterfaceOrientationLandscapeLeft UIInterfaceOrientationLandscapeRight";
				INFOPLIST_KEY_UISupportedInterfaceOrientations_iPad = "UIInterfaceOrientationPortrait UIInterfaceOrientationPortraitUpsideDown UIInterfaceOrientationLandscapeLeft UIInterfaceOrientationLandscapeRight";
				IPHONEOS_DEPLOYMENT_TARGET = 15.0;
				LD_RUNPATH_SEARCH_PATHS = (
					"$(inherited)",
					"@executable_path/Frameworks",
				);
				MARKETING_VERSION = 1.0;
				OTHER_LDFLAGS = (
					"-framework",
					SafariServices,
					"-framework",
					WebKit,
				);
				PRODUCT_BUNDLE_IDENTIFIER = com.tomayac.crossoriginstorage;
				PRODUCT_NAME = "Cross-Origin Storage";
				SDKROOT = iphoneos;
				STRING_CATALOG_GENERATE_SYMBOLS = YES;
				SWIFT_APPROACHABLE_CONCURRENCY = YES;
				SWIFT_DEFAULT_ACTOR_ISOLATION = MainActor;
				SWIFT_EMIT_LOC_STRINGS = YES;
				SWIFT_UPCOMING_FEATURE_MEMBER_IMPORT_VISIBILITY = YES;
				SWIFT_VERSION = 5.0;
				TARGETED_DEVICE_FAMILY = "1,2";
			};
			name = Debug;
		};
		0CA08093305AA6250067C2A3 /* Release */ = {
			isa = XCBuildConfiguration;
			buildSettings = {
				ASSETCATALOG_COMPILER_APPICON_NAME = AppIcon;
				ASSETCATALOG_COMPILER_GLOBAL_ACCENT_COLOR_NAME = AccentColor;
				CODE_SIGN_STYLE = Automatic;
				CURRENT_PROJECT_VERSION = 1;
				GENERATE_INFOPLIST_FILE = YES;
				INFOPLIST_FILE = "iOS (App)/Info.plist";
				INFOPLIST_KEY_CFBundleDisplayName = "Cross-Origin Storage";
				INFOPLIST_KEY_UIApplicationSupportsIndirectInputEvents = YES;
				INFOPLIST_KEY_UILaunchStoryboardName = LaunchScreen;
				INFOPLIST_KEY_UIMainStoryboardFile = Main;
				INFOPLIST_KEY_UISupportedInterfaceOrientations = "UIInterfaceOrientationPortrait UIInterfaceOrientationLandscapeLeft UIInterfaceOrientationLandscapeRight";
				INFOPLIST_KEY_UISupportedInterfaceOrientations_iPad = "UIInterfaceOrientationPortrait UIInterfaceOrientationPortraitUpsideDown UIInterfaceOrientationLandscapeLeft UIInterfaceOrientationLandscapeRight";
				IPHONEOS_DEPLOYMENT_TARGET = 15.0;
				LD_RUNPATH_SEARCH_PATHS = (
					"$(inherited)",
					"@executable_path/Frameworks",
				);
				MARKETING_VERSION = 1.0;
				OTHER_LDFLAGS = (
					"-framework",
					SafariServices,
					"-framework",
					WebKit,
				);
				PRODUCT_BUNDLE_IDENTIFIER = com.tomayac.crossoriginstorage;
				PRODUCT_NAME = "Cross-Origin Storage";
				SDKROOT = iphoneos;
				STRING_CATALOG_GENERATE_SYMBOLS = YES;
				SWIFT_APPROACHABLE_CONCURRENCY = YES;
				SWIFT_DEFAULT_ACTOR_ISOLATION = MainActor;
				SWIFT_EMIT_LOC_STRINGS = YES;
				SWIFT_UPCOMING_FEATURE_MEMBER_IMPORT_VISIBILITY = YES;
				SWIFT_VERSION = 5.0;
				TARGETED_DEVICE_FAMILY = "1,2";
				VALIDATE_PRODUCT = YES;
			};
			name = Release;
		};
		0CA08095305AA6250067C2A3 /* Debug */ = {
			isa = XCBuildConfiguration;
			buildSettings = {
				CODE_SIGN_STYLE = Automatic;
				CURRENT_PROJECT_VERSION = 1;
				ENABLE_APP_SANDBOX = YES;
				ENABLE_HARDENED_RUNTIME = YES;
				ENABLE_USER_SELECTED_FILES = readonly;
				GENERATE_INFOPLIST_FILE = YES;
				INFOPLIST_FILE = "macOS (Extension)/Info.plist";
				INFOPLIST_KEY_CFBundleDisplayName = "Cross-Origin Storage Extension";
				INFOPLIST_KEY_NSHumanReadableCopyright = "";
				LD_RUNPATH_SEARCH_PATHS = (
					"$(inherited)",
					"@executable_path/../Frameworks",
					"@executable_path/../../../../Frameworks",
				);
				MACOSX_DEPLOYMENT_TARGET = 10.14;
				MARKETING_VERSION = 1.0;
				OTHER_LDFLAGS = (
					"-framework",
					SafariServices,
				);
				PRODUCT_BUNDLE_IDENTIFIER = com.tomayac.crossoriginstorage.Extension;
				PRODUCT_NAME = "Cross-Origin Storage Extension";
				SDKROOT = macosx;
				SKIP_INSTALL = YES;
				STRING_CATALOG_GENERATE_SYMBOLS = YES;
				SWIFT_APPROACHABLE_CONCURRENCY = YES;
				SWIFT_EMIT_LOC_STRINGS = YES;
				SWIFT_UPCOMING_FEATURE_MEMBER_IMPORT_VISIBILITY = YES;
				SWIFT_VERSION = 5.0;
			};
			name = Debug;
		};
		0CA08096305AA6250067C2A3 /* Release */ = {
			isa = XCBuildConfiguration;
			buildSettings = {
				CODE_SIGN_STYLE = Automatic;
				CURRENT_PROJECT_VERSION = 1;
				ENABLE_APP_SANDBOX = YES;
				ENABLE_HARDENED_RUNTIME = YES;
				ENABLE_USER_SELECTED_FILES = readonly;
				GENERATE_INFOPLIST_FILE = YES;
				INFOPLIST_FILE = "macOS (Extension)/Info.plist";
				INFOPLIST_KEY_CFBundleDisplayName = "Cross-Origin Storage Extension";
				INFOPLIST_KEY_NSHumanReadableCopyright = "";
				LD_RUNPATH_SEARCH_PATHS = (
					"$(inherited)",
					"@executable_path/../Frameworks",
					"@executable_path/../../../../Frameworks",
				);
				MACOSX_DEPLOYMENT_TARGET = 10.14;
				MARKETING_VERSION = 1.0;
				OTHER_LDFLAGS = (
					"-framework",
					SafariServices,
				);
				PRODUCT_BUNDLE_IDENTIFIER = com.tomayac.crossoriginstorage.Extension;
				PRODUCT_NAME = "Cross-Origin Storage Extension";
				SDKROOT = macosx;
				SKIP_INSTALL = YES;
				STRING_CATALOG_GENERATE_SYMBOLS = YES;
				SWIFT_APPROACHABLE_CONCURRENCY = YES;
				SWIFT_EMIT_LOC_STRINGS = YES;
				SWIFT_UPCOMING_FEATURE_MEMBER_IMPORT_VISIBILITY = YES;
				SWIFT_VERSION = 5.0;
			};
			name = Release;
		};
		0CA08099305AA6250067C2A3 /* Debug */ = {
			isa = XCBuildConfiguration;
			buildSettings = {
				ASSETCATALOG_COMPILER_APPICON_NAME = AppIcon;
				ASSETCATALOG_COMPILER_GLOBAL_ACCENT_COLOR_NAME = AccentColor;
				CODE_SIGN_STYLE = Automatic;
				CURRENT_PROJECT_VERSION = 1;
				ENABLE_APP_SANDBOX = YES;
				ENABLE_HARDENED_RUNTIME = YES;
				ENABLE_OUTGOING_NETWORK_CONNECTIONS = YES;
				ENABLE_USER_SELECTED_FILES = readonly;
				GENERATE_INFOPLIST_FILE = YES;
				INFOPLIST_FILE = "macOS (App)/Info.plist";
				INFOPLIST_KEY_CFBundleDisplayName = "Cross-Origin Storage";
				INFOPLIST_KEY_LSApplicationCategoryType = "public.app-category.utilities";
				INFOPLIST_KEY_NSMainStoryboardFile = Main;
				INFOPLIST_KEY_NSPrincipalClass = NSApplication;
				LD_RUNPATH_SEARCH_PATHS = (
					"$(inherited)",
					"@executable_path/../Frameworks",
				);
				MACOSX_DEPLOYMENT_TARGET = 10.14;
				MARKETING_VERSION = 1.0;
				OTHER_LDFLAGS = (
					"-framework",
					SafariServices,
					"-framework",
					WebKit,
				);
				PRODUCT_BUNDLE_IDENTIFIER = com.tomayac.crossoriginstorage;
				PRODUCT_NAME = "Cross-Origin Storage";
				REGISTER_APP_GROUPS = YES;
				SDKROOT = macosx;
				STRING_CATALOG_GENERATE_SYMBOLS = YES;
				SWIFT_APPROACHABLE_CONCURRENCY = YES;
				SWIFT_DEFAULT_ACTOR_ISOLATION = MainActor;
				SWIFT_EMIT_LOC_STRINGS = YES;
				SWIFT_UPCOMING_FEATURE_MEMBER_IMPORT_VISIBILITY = YES;
				SWIFT_VERSION = 5.0;
			};
			name = Debug;
		};
		0CA0809A305AA6250067C2A3 /* Release */ = {
			isa = XCBuildConfiguration;
			buildSettings = {
				ASSETCATALOG_COMPILER_APPICON_NAME = AppIcon;
				ASSETCATALOG_COMPILER_GLOBAL_ACCENT_COLOR_NAME = AccentColor;
				CODE_SIGN_STYLE = Automatic;
				CURRENT_PROJECT_VERSION = 1;
				ENABLE_APP_SANDBOX = YES;
				ENABLE_HARDENED_RUNTIME = YES;
				ENABLE_OUTGOING_NETWORK_CONNECTIONS = YES;
				ENABLE_USER_SELECTED_FILES = readonly;
				GENERATE_INFOPLIST_FILE = YES;
				INFOPLIST_FILE = "macOS (App)/Info.plist";
				INFOPLIST_KEY_CFBundleDisplayName = "Cross-Origin Storage";
				INFOPLIST_KEY_LSApplicationCategoryType = "public.app-category.utilities";
				INFOPLIST_KEY_NSMainStoryboardFile = Main;
				INFOPLIST_KEY_NSPrincipalClass = NSApplication;
				LD_RUNPATH_SEARCH_PATHS = (
					"$(inherited)",
					"@executable_path/../Frameworks",
				);
				MACOSX_DEPLOYMENT_TARGET = 10.14;
				MARKETING_VERSION = 1.0;
				OTHER_LDFLAGS = (
					"-framework",
					SafariServices,
					"-framework",
					WebKit,
				);
				PRODUCT_BUNDLE_IDENTIFIER = com.tomayac.crossoriginstorage;
				PRODUCT_NAME = "Cross-Origin Storage";
				REGISTER_APP_GROUPS = YES;
				SDKROOT = macosx;
				STRING_CATALOG_GENERATE_SYMBOLS = YES;
				SWIFT_APPROACHABLE_CONCURRENCY = YES;
				SWIFT_DEFAULT_ACTOR_ISOLATION = MainActor;
				SWIFT_EMIT_LOC_STRINGS = YES;
				SWIFT_UPCOMING_FEATURE_MEMBER_IMPORT_VISIBILITY = YES;
				SWIFT_VERSION = 5.0;
			};
			name = Release;
		};
/* End XCBuildConfiguration section */

/* Begin XCConfigurationList section */
		0CA0803F305AA6230067C2A3 /* Build configuration list for PBXProject "Cross-Origin Storage" */ = {
			isa = XCConfigurationList;
			buildConfigurations = (
				0CA0808B305AA6250067C2A3 /* Debug */,
				0CA0808C305AA6250067C2A3 /* Release */,
			);
			defaultConfigurationIsVisible = 0;
			defaultConfigurationName = Release;
		};
		0CA0808D305AA6250067C2A3 /* Build configuration list for PBXNativeTarget "Cross-Origin Storage Extension (iOS)" */ = {
			isa = XCConfigurationList;
			buildConfigurations = (
				0CA0808E305AA6250067C2A3 /* Debug */,
				0CA0808F305AA6250067C2A3 /* Release */,
			);
			defaultConfigurationIsVisible = 0;
			defaultConfigurationName = Release;
		};
		0CA08091305AA6250067C2A3 /* Build configuration list for PBXNativeTarget "Cross-Origin Storage (iOS)" */ = {
			isa = XCConfigurationList;
			buildConfigurations = (
				0CA08092305AA6250067C2A3 /* Debug */,
				0CA08093305AA6250067C2A3 /* Release */,
			);
			defaultConfigurationIsVisible = 0;
			defaultConfigurationName = Release;
		};
		0CA08094305AA6250067C2A3 /* Build configuration list for PBXNativeTarget "Cross-Origin Storage Extension (macOS)" */ = {
			isa = XCConfigurationList;
			buildConfigurations = (
				0CA08095305AA6250067C2A3 /* Debug */,
				0CA08096305AA6250067C2A3 /* Release */,
			);
			defaultConfigurationIsVisible = 0;
			defaultConfigurationName = Release;
		};
		0CA08098305AA6250067C2A3 /* Build configuration list for PBXNativeTarget "Cross-Origin Storage (macOS)" */ = {
			isa = XCConfigurationList;
			buildConfigurations = (
				0CA08099305AA6250067C2A3 /* Debug */,
				0CA0809A305AA6250067C2A3 /* Release */,
			);
			defaultConfigurationIsVisible = 0;
			defaultConfigurationName = Release;
		};
/* End XCConfigurationList section */
	};
	rootObject = 0CA0803C305AA6230067C2A3 /* Project object */;
}
